
Microsoft Visual Studio Solution File, Format Version 12.00
# Visual Studio Version 16
VisualStudioVersion = 16.0.31727.386
MinimumVisualStudioVersion = 10.0.40219.1
Project("{FAE04EC0-301F-11D3-BF4B-00C04F79EFBC}") = "WarHouse", "WarHouse\WarHouse.csproj", "{D976B87E-198A-44BD-89A8-1E8C0CBD7768}"
EndProject
Project("{FAE04EC0-301F-11D3-BF4B-00C04F79EFBC}") = "WareHouseLibrary", "WareHouseLibrary\WareHouseLibrary.csproj", "{676982DF-5D83-4DE1-8625-31884685016D}"
EndProject
Global
	GlobalSection(SolutionConfigurationPlatforms) = preSolution
		Debug|Any CPU = Debug|Any CPU
		Release|Any CPU = Release|Any CPU
	EndGlobalSection
	GlobalSection(ProjectConfigurationPlatforms) = postSolution
		{D976B87E-198A-44BD-89A8-1E8C0CBD7768}.Debug|Any CPU.ActiveCfg = Debug|Any CPU
		{D976B87E-198A-44BD-89A8-1E8C0CBD7768}.Debug|Any CPU.Build.0 = Debug|Any CPU
		{D976B87E-198A-44BD-89A8-1E8C0CBD7768}.Release|Any CPU.ActiveCfg = Release|Any CPU
		{D976B87E-198A-44BD-89A8-1E8C0CBD7768}.Release|Any CPU.Build.0 = Release|Any CPU
		{676982DF-5D83-4DE1-8625-31884685016D}.Debug|Any CPU.ActiveCfg = Debug|Any CPU
		{676982DF-5D83-4DE1-8625-31884685016D}.Debug|Any CPU.Build.0 = Debug|Any CPU
		{676982DF-5D83-4DE1-8625-31884685016D}.Release|Any CPU.ActiveCfg = Release|Any CPU
		{676982DF-5D83-4DE1-8625-31884685016D}.Release|Any CPU.Build.0 = Release|Any CPU
	EndGlobalSection
	GlobalSection(SolutionProperties) = preSolution
		HideSolutionNode = FALSE
	EndGlobalSection
	GlobalSection(ExtensibilityGlobals) = postSolution
		SolutionGuid = {96E855EB-D697-41DD-B812-A6BEAEA4FDCE}
	EndGlobalSection
EndGlobal
